
Microsoft Visual Studio Solution File, Format Version 12.00
# Visual Studio Version 16
VisualStudioVersion = 16.0.31105.61
MinimumVisualStudioVersion = 10.0.40219.1
Project("{9A19103F-16F7-4668-BE54-9A1E7A4F7556}") = "NeuroenaDeviceReader", "NeuroenaDeviceReader\NeuroenaDeviceReader.csproj", "{BB961262-54A1-4537-BBC5-204F74D1EFED}"
EndProject
Global
	GlobalSection(SolutionConfigurationPlatforms) = preSolution
		Debug|Any CPU = Debug|Any CPU
		Release|Any CPU = Release|Any CPU
	EndGlobalSection
	GlobalSection(ProjectConfigurationPlatforms) = postSolution
		{BB961262-54A1-4537-BBC5-204F74D1EFED}.Debug|Any CPU.ActiveCfg = Debug|Any CPU
		{BB961262-54A1-4537-BBC5-204F74D1EFED}.Debug|Any CPU.Build.0 = Debug|Any CPU
		{BB961262-54A1-4537-BBC5-204F74D1EFED}.Release|Any CPU.ActiveCfg = Release|Any CPU
		{BB961262-54A1-4537-BBC5-204F74D1EFED}.Release|Any CPU.Build.0 = Release|Any CPU
	EndGlobalSection
	GlobalSection(SolutionProperties) = preSolution
		HideSolutionNode = FALSE
	EndGlobalSection
	GlobalSection(ExtensibilityGlobals) = postSolution
		SolutionGuid = {46C9E896-F50F-4E44-928F-4FA2910B7D68}
	EndGlobalSection
EndGlobal
